// !$*UTF8*$!
{
	archiveVersion = 1;
	classes = {
	};
	objectVersion = 46;
	objects = {

/* Begin PBXBuildFile section */
		D3163ADD1B18179A00556628 /* main.m in Sources */ = {isa = PBXBuildFile; fileRef = D3163ADC1B18179A00556628 /* main.m */; };
		D3163AE01B18179A00556628 /* AppDelegate.m in Sources */ = {isa = PBXBuildFile; fileRef = D3163ADF1B18179A00556628 /* AppDelegate.m */; };
		D3163AE61B18179A00556628 /* SecondViewController.m in Sources */ = {isa = PBXBuildFile; fileRef = D3163AE51B18179A00556628 /* SecondViewController.m */; };
		D3163AE91B18179A00556628 /* Main.storyboard in Resources */ = {isa = PBXBuildFile; fileRef = D3163AE71B18179A00556628 /* Main.storyboard */; };
		D3163AEB1B18179A00556628 /* Images.xcassets in Resources */ = {isa = PBXBuildFile; fileRef = D3163AEA1B18179A00556628 /* Images.xcassets */; };
		D3163AFA1B18179A00556628 /* FFSTests.m in Sources */ = {isa = PBXBuildFile; fileRef = D3163AF91B18179A00556628 /* FFSTests.m */; };
		D3163B0E1B1818E200556628 /* AudioToolbox.framework in Frameworks */ = {isa = PBXBuildFile; fileRef = D3163B031B1818E200556628 /* AudioToolbox.framework */; };
		D3163B0F1B1818E200556628 /* CFNetwork.framework in Frameworks */ = {isa = PBXBuildFile; fileRef = D3163B041B1818E200556628 /* CFNetwork.framework */; };
		D3163B101B1818E200556628 /* CoreGraphics.framework in Frameworks */ = {isa = PBXBuildFile; fileRef = D3163B051B1818E200556628 /* CoreGraphics.framework */; };
		D3163B111B1818E200556628 /* CoreLocation.framework in Frameworks */ = {isa = PBXBuildFile; fileRef = D3163B061B1818E200556628 /* CoreLocation.framework */; };
		D3163B121B1818E200556628 /* libsqlite3.dylib in Frameworks */ = {isa = PBXBuildFile; fileRef = D3163B071B1818E200556628 /* libsqlite3.dylib */; };
		D3163B131B1818E200556628 /* libz.dylib in Frameworks */ = {isa = PBXBuildFile; fileRef = D3163B081B1818E200556628 /* libz.dylib */; };
		D3163B141B1818E200556628 /* MobileCoreServices.framework in Frameworks */ = {isa = PBXBuildFile; fileRef = D3163B091B1818E200556628 /* MobileCoreServices.framework */; };
		D3163B151B1818E200556628 /* QuartzCore.framework in Frameworks */ = {isa = PBXBuildFile; fileRef = D3163B0A1B1818E200556628 /* QuartzCore.framework */; };
		D3163B161B1818E200556628 /* Security.framework in Frameworks */ = {isa = PBXBuildFile; fileRef = D3163B0B1B1818E200556628 /* Security.framework */; };
		D3163B171B1818E200556628 /* StoreKit.framework in Frameworks */ = {isa = PBXBuildFile; fileRef = D3163B0C1B1818E200556628 /* StoreKit.framework */; };
		D3163B181B1818E200556628 /* SystemConfiguration.framework in Frameworks */ = {isa = PBXBuildFile; fileRef = D3163B0D1B1818E200556628 /* SystemConfiguration.framework */; };
		D3163B1D1B1819D800556628 /* Parse.framework in Frameworks */ = {isa = PBXBuildFile; fileRef = D3163B1B1B1819D800556628 /* Parse.framework */; };
		D3163B261B18289A00556628 /* HomeViewController.m in Sources */ = {isa = PBXBuildFile; fileRef = D3163B251B18289A00556628 /* HomeViewController.m */; };
		D3163B281B182DA300556628 /* ParseUI.framework in Frameworks */ = {isa = PBXBuildFile; fileRef = D3163B271B182DA300556628 /* ParseUI.framework */; };
		D3163B2E1B183B4100556628 /* CreateProfileViewController.m in Sources */ = {isa = PBXBuildFile; fileRef = D3163B2D1B183B4100556628 /* CreateProfileViewController.m */; };
		D3163CE41B18D47A00556628 /* ParseFacebookUtilsV4.framework in Frameworks */ = {isa = PBXBuildFile; fileRef = D3163CE31B18D47A00556628 /* ParseFacebookUtilsV4.framework */; };
		D3163CE61B1955DD00556628 /* FBSDKMessengerShareKit.framework in Frameworks */ = {isa = PBXBuildFile; fileRef = D3163CE51B1955DD00556628 /* FBSDKMessengerShareKit.framework */; };
		D33C7A671BC74ECB0033B90A /* Bolts.framework in Frameworks */ = {isa = PBXBuildFile; fileRef = D33C7A631BC74ECB0033B90A /* Bolts.framework */; };
		D33C7A681BC74ECB0033B90A /* FBSDKCoreKit.framework in Frameworks */ = {isa = PBXBuildFile; fileRef = D33C7A641BC74ECB0033B90A /* FBSDKCoreKit.framework */; };
		D33C7A691BC74ECB0033B90A /* FBSDKLoginKit.framework in Frameworks */ = {isa = PBXBuildFile; fileRef = D33C7A651BC74ECB0033B90A /* FBSDKLoginKit.framework */; };
		D33C7A6A1BC74ECB0033B90A /* FBSDKShareKit.framework in Frameworks */ = {isa = PBXBuildFile; fileRef = D33C7A661BC74ECB0033B90A /* FBSDKShareKit.framework */; };
		D373EAA91BE73AD00000B7EC /* postTextView.m in Sources */ = {isa = PBXBuildFile; fileRef = D373EAA81BE73AD00000B7EC /* postTextView.m */; };
		D3FD08671BD3630100930780 /* FeedViewController.m in Sources */ = {isa = PBXBuildFile; fileRef = D3FD08661BD3630100930780 /* FeedViewController.m */; };
		D3FD086B1BD45E6300930780 /* PostCell.m in Sources */ = {isa = PBXBuildFile; fileRef = D3FD086A1BD45E6300930780 /* PostCell.m */; };
/* End PBXBuildFile section */

/* Begin PBXContainerItemProxy section */
		D3163AF41B18179A00556628 /* PBXContainerItemProxy */ = {
			isa = PBXContainerItemProxy;
			containerPortal = D3163ACF1B18179A00556628 /* Project object */;
			proxyType = 1;
			remoteGlobalIDString = D3163AD61B18179A00556628;
			remoteInfo = FFS;
		};
/* End PBXContainerItemProxy section */

/* Begin PBXFileReference section */
		D3163AD71B18179A00556628 /* FFS.app */ = {isa = PBXFileReference; explicitFileType = wrapper.application; includeInIndex = 0; path = FFS.app; sourceTree = BUILT_PRODUCTS_DIR; };
		D3163ADB1B18179A00556628 /* Info.plist */ = {isa = PBXFileReference; lastKnownFileType = text.plist.xml; path = Info.plist; sourceTree = "<group>"; };
		D3163ADC1B18179A00556628 /* main.m */ = {isa = PBXFileReference; lastKnownFileType = sourcecode.c.objc; path = main.m; sourceTree = "<group>"; };
		D3163ADE1B18179A00556628 /* AppDelegate.h */ = {isa = PBXFileReference; lastKnownFileType = sourcecode.c.h; path = AppDelegate.h; sourceTree = "<group>"; };
		D3163ADF1B18179A00556628 /* AppDelegate.m */ = {isa = PBXFileReference; lastKnownFileType = sourcecode.c.objc; path = AppDelegate.m; sourceTree = "<group>"; };
		D3163AE41B18179A00556628 /* SecondViewController.h */ = {isa = PBXFileReference; lastKnownFileType = sourcecode.c.h; path = SecondViewController.h; sourceTree = "<group>"; };
		D3163AE51B18179A00556628 /* SecondViewController.m */ = {isa = PBXFileReference; lastKnownFileType = sourcecode.c.objc; path = SecondViewController.m; sourceTree = "<group>"; };
		D3163AE81B18179A00556628 /* Base */ = {isa = PBXFileReference; lastKnownFileType = file.storyboard; name = Base; path = Base.lproj/Main.storyboard; sourceTree = "<group>"; };
		D3163AEA1B18179A00556628 /* Images.xcassets */ = {isa = PBXFileReference; lastKnownFileType = folder.assetcatalog; path = Images.xcassets; sourceTree = "<group>"; };
		D3163AF31B18179A00556628 /* FFSTests.xctest */ = {isa = PBXFileReference; explicitFileType = wrapper.cfbundle; includeInIndex = 0; path = FFSTests.xctest; sourceTree = BUILT_PRODUCTS_DIR; };
		D3163AF81B18179A00556628 /* Info.plist */ = {isa = PBXFileReference; lastKnownFileType = text.plist.xml; path = Info.plist; sourceTree = "<group>"; };
		D3163AF91B18179A00556628 /* FFSTests.m */ = {isa = PBXFileReference; lastKnownFileType = sourcecode.c.objc; path = FFSTests.m; sourceTree = "<group>"; };
		D3163B031B1818E200556628 /* AudioToolbox.framework */ = {isa = PBXFileReference; lastKnownFileType = wrapper.framework; name = AudioToolbox.framework; path = System/Library/Frameworks/AudioToolbox.framework; sourceTree = SDKROOT; };
		D3163B041B1818E200556628 /* CFNetwork.framework */ = {isa = PBXFileReference; lastKnownFileType = wrapper.framework; name = CFNetwork.framework; path = System/Library/Frameworks/CFNetwork.framework; sourceTree = SDKROOT; };
		D3163B051B1818E200556628 /* CoreGraphics.framework */ = {isa = PBXFileReference; lastKnownFileType = wrapper.framework; name = CoreGraphics.framework; path = System/Library/Frameworks/CoreGraphics.framework; sourceTree = SDKROOT; };
		D3163B061B1818E200556628 /* CoreLocation.framework */ = {isa = PBXFileReference; lastKnownFileType = wrapper.framework; name = CoreLocation.framework; path = System/Library/Frameworks/CoreLocation.framework; sourceTree = SDKROOT; };
		D3163B071B1818E200556628 /* libsqlite3.dylib */ = {isa = PBXFileReference; lastKnownFileType = "compiled.mach-o.dylib"; name = libsqlite3.dylib; path = usr/lib/libsqlite3.dylib; sourceTree = SDKROOT; };
		D3163B081B1818E200556628 /* libz.dylib */ = {isa = PBXFileReference; lastKnownFileType = "compiled.mach-o.dylib"; name = libz.dylib; path = usr/lib/libz.dylib; sourceTree = SDKROOT; };
		D3163B091B1818E200556628 /* MobileCoreServices.framework */ = {isa = PBXFileReference; lastKnownFileType = wrapper.framework; name = MobileCoreServices.framework; path = System/Library/Frameworks/MobileCoreServices.framework; sourceTree = SDKROOT; };
		D3163B0A1B1818E200556628 /* QuartzCore.framework */ = {isa = PBXFileReference; lastKnownFileType = wrapper.framework; name = QuartzCore.framework; path = System/Library/Frameworks/QuartzCore.framework; sourceTree = SDKROOT; };
		D3163B0B1B1818E200556628 /* Security.framework */ = {isa = PBXFileReference; lastKnownFileType = wrapper.framework; name = Security.framework; path = System/Library/Frameworks/Security.framework; sourceTree = SDKROOT; };
		D3163B0C1B1818E200556628 /* StoreKit.framework */ = {isa = PBXFileReference; lastKnownFileType = wrapper.framework; name = StoreKit.framework; path = System/Library/Frameworks/StoreKit.framework; sourceTree = SDKROOT; };
		D3163B0D1B1818E200556628 /* SystemConfiguration.framework */ = {isa = PBXFileReference; lastKnownFileType = wrapper.framework; name = SystemConfiguration.framework; path = System/Library/Frameworks/SystemConfiguration.framework; sourceTree = SDKROOT; };
		D3163B1B1B1819D800556628 /* Parse.framework */ = {isa = PBXFileReference; lastKnownFileType = wrapper.framework; name = Parse.framework; path = "../../../Users/vinhha/Downloads/parse-library-1.7.4/Parse.framework"; sourceTree = "<group>"; };
		D3163B241B18289A00556628 /* HomeViewController.h */ = {isa = PBXFileReference; fileEncoding = 4; lastKnownFileType = sourcecode.c.h; path = HomeViewController.h; sourceTree = "<group>"; };
		D3163B251B18289A00556628 /* HomeViewController.m */ = {isa = PBXFileReference; fileEncoding = 4; lastKnownFileType = sourcecode.c.objc; path = HomeViewController.m; sourceTree = "<group>"; };
		D3163B271B182DA300556628 /* ParseUI.framework */ = {isa = PBXFileReference; lastKnownFileType = wrapper.framework; name = ParseUI.framework; path = "../../../Users/vinhha/Downloads/parse-library-1.7.4/ParseUI.framework"; sourceTree = "<group>"; };
		D3163B2C1B183B4100556628 /* CreateProfileViewController.h */ = {isa = PBXFileReference; fileEncoding = 4; lastKnownFileType = sourcecode.c.h; name = CreateProfileViewController.h; path = ../CreateProfileViewController.h; sourceTree = "<group>"; };
		D3163B2D1B183B4100556628 /* CreateProfileViewController.m */ = {isa = PBXFileReference; fileEncoding = 4; lastKnownFileType = sourcecode.c.objc; name = CreateProfileViewController.m; path = ../CreateProfileViewController.m; sourceTree = "<group>"; };
		D3163CE31B18D47A00556628 /* ParseFacebookUtilsV4.framework */ = {isa = PBXFileReference; lastKnownFileType = wrapper.framework; path = ParseFacebookUtilsV4.framework; sourceTree = "<group>"; };
		D3163CE51B1955DD00556628 /* FBSDKMessengerShareKit.framework */ = {isa = PBXFileReference; lastKnownFileType = wrapper.framework; path = FBSDKMessengerShareKit.framework; sourceTree = "<group>"; };
		D33C7A631BC74ECB0033B90A /* Bolts.framework */ = {isa = PBXFileReference; lastKnownFileType = wrapper.framework; path = Bolts.framework; sourceTree = "<group>"; };
		D33C7A641BC74ECB0033B90A /* FBSDKCoreKit.framework */ = {isa = PBXFileReference; lastKnownFileType = wrapper.framework; path = FBSDKCoreKit.framework; sourceTree = "<group>"; };
		D33C7A651BC74ECB0033B90A /* FBSDKLoginKit.framework */ = {isa = PBXFileReference; lastKnownFileType = wrapper.framework; path = FBSDKLoginKit.framework; sourceTree = "<group>"; };
		D33C7A661BC74ECB0033B90A /* FBSDKShareKit.framework */ = {isa = PBXFileReference; lastKnownFileType = wrapper.framework; path = FBSDKShareKit.framework; sourceTree = "<group>"; };
		D373EAA71BE73AD00000B7EC /* postTextView.h */ = {isa = PBXFileReference; fileEncoding = 4; lastKnownFileType = sourcecode.c.h; path = postTextView.h; sourceTree = "<group>"; };
		D373EAA81BE73AD00000B7EC /* postTextView.m */ = {isa = PBXFileReference; fileEncoding = 4; lastKnownFileType = sourcecode.c.objc; path = postTextView.m; sourceTree = "<group>"; };
		D3FD08651BD3630100930780 /* FeedViewController.h */ = {isa = PBXFileReference; fileEncoding = 4; lastKnownFileType = sourcecode.c.h; path = FeedViewController.h; sourceTree = "<group>"; };
		D3FD08661BD3630100930780 /* FeedViewController.m */ = {isa = PBXFileReference; fileEncoding = 4; lastKnownFileType = sourcecode.c.objc; path = FeedViewController.m; sourceTree = "<group>"; };
		D3FD08691BD45E6300930780 /* PostCell.h */ = {isa = PBXFileReference; fileEncoding = 4; lastKnownFileType = sourcecode.c.h; path = PostCell.h; sourceTree = "<group>"; };
		D3FD086A1BD45E6300930780 /* PostCell.m */ = {isa = PBXFileReference; fileEncoding = 4; lastKnownFileType = sourcecode.c.objc; path = PostCell.m; sourceTree = "<group>"; };
/* End PBXFileReference section */

/* Begin PBXFrameworksBuildPhase section */
		D3163AD41B18179A00556628 /* Frameworks */ = {
			isa = PBXFrameworksBuildPhase;
			buildActionMask = 2147483647;
			files = (
				D3163B0E1B1818E200556628 /* AudioToolbox.framework in Frameworks */,
				D3163B0F1B1818E200556628 /* CFNetwork.framework in Frameworks */,
				D33C7A691BC74ECB0033B90A /* FBSDKLoginKit.framework in Frameworks */,
				D33C7A681BC74ECB0033B90A /* FBSDKCoreKit.framework in Frameworks */,
				D3163CE61B1955DD00556628 /* FBSDKMessengerShareKit.framework in Frameworks */,
				D3163B281B182DA300556628 /* ParseUI.framework in Frameworks */,
				D3163B101B1818E200556628 /* CoreGraphics.framework in Frameworks */,
				D3163B111B1818E200556628 /* CoreLocation.framework in Frameworks */,
				D3163B121B1818E200556628 /* libsqlite3.dylib in Frameworks */,
				D3163B1D1B1819D800556628 /* Parse.framework in Frameworks */,
				D3163B131B1818E200556628 /* libz.dylib in Frameworks */,
				D3163B141B1818E200556628 /* MobileCoreServices.framework in Frameworks */,
				D33C7A6A1BC74ECB0033B90A /* FBSDKShareKit.framework in Frameworks */,
				D3163B151B1818E200556628 /* QuartzCore.framework in Frameworks */,
				D3163CE41B18D47A00556628 /* ParseFacebookUtilsV4.framework in Frameworks */,
				D3163B161B1818E200556628 /* Security.framework in Frameworks */,
				D3163B171B1818E200556628 /* StoreKit.framework in Frameworks */,
				D3163B181B1818E200556628 /* SystemConfiguration.framework in Frameworks */,
				D33C7A671BC74ECB0033B90A /* Bolts.framework in Frameworks */,
			);
			runOnlyForDeploymentPostprocessing = 0;
		};
		D3163AF01B18179A00556628 /* Frameworks */ = {
			isa = PBXFrameworksBuildPhase;
			buildActionMask = 2147483647;
			files = (
			);
			runOnlyForDeploymentPostprocessing = 0;
		};
/* End PBXFrameworksBuildPhase section */

/* Begin PBXGroup section */
		D3163ACE1B18179A00556628 = {
			isa = PBXGroup;
			children = (
				D3163B191B1819AD00556628 /* Frameworks */,
				D3163AD91B18179A00556628 /* FFS */,
				D3163AF61B18179A00556628 /* FFSTests */,
				D3163AD81B18179A00556628 /* Products */,
			);
			sourceTree = "<group>";
		};
		D3163AD81B18179A00556628 /* Products */ = {
			isa = PBXGroup;
			children = (
				D3163AD71B18179A00556628 /* FFS.app */,
				D3163AF31B18179A00556628 /* FFSTests.xctest */,
			);
			name = Products;
			sourceTree = "<group>";
		};
		D3163AD91B18179A00556628 /* FFS */ = {
			isa = PBXGroup;
			children = (
				D3163ADE1B18179A00556628 /* AppDelegate.h */,
				D3163ADF1B18179A00556628 /* AppDelegate.m */,
				D3FD08691BD45E6300930780 /* PostCell.h */,
				D3FD086A1BD45E6300930780 /* PostCell.m */,
				D3FD08651BD3630100930780 /* FeedViewController.h */,
				D3FD08661BD3630100930780 /* FeedViewController.m */,
				D3163AE41B18179A00556628 /* SecondViewController.h */,
				D3163AE51B18179A00556628 /* SecondViewController.m */,
				D373EAA71BE73AD00000B7EC /* postTextView.h */,
				D373EAA81BE73AD00000B7EC /* postTextView.m */,
				D3163B2C1B183B4100556628 /* CreateProfileViewController.h */,
				D3163B2D1B183B4100556628 /* CreateProfileViewController.m */,
				D3163AE71B18179A00556628 /* Main.storyboard */,
				D3163B241B18289A00556628 /* HomeViewController.h */,
				D3163B251B18289A00556628 /* HomeViewController.m */,
				D3163AEA1B18179A00556628 /* Images.xcassets */,
				D3163ADA1B18179A00556628 /* Supporting Files */,
			);
			path = FFS;
			sourceTree = "<group>";
		};
		D3163ADA1B18179A00556628 /* Supporting Files */ = {
			isa = PBXGroup;
			children = (
				D3163ADB1B18179A00556628 /* Info.plist */,
				D3163ADC1B18179A00556628 /* main.m */,
			);
			name = "Supporting Files";
			sourceTree = "<group>";
		};
		D3163AF61B18179A00556628 /* FFSTests */ = {
			isa = PBXGroup;
			children = (
				D3163AF91B18179A00556628 /* FFSTests.m */,
				D3163AF71B18179A00556628 /* Supporting Files */,
			);
			path = FFSTests;
			sourceTree = "<group>";
		};
		D3163AF71B18179A00556628 /* Supporting Files */ = {
			isa = PBXGroup;
			children = (
				D3163AF81B18179A00556628 /* Info.plist */,
			);
			name = "Supporting Files";
			sourceTree = "<group>";
		};
		D3163B191B1819AD00556628 /* Frameworks */ = {
			isa = PBXGroup;
			children = (
				D33C7A631BC74ECB0033B90A /* Bolts.framework */,
				D33C7A641BC74ECB0033B90A /* FBSDKCoreKit.framework */,
				D33C7A651BC74ECB0033B90A /* FBSDKLoginKit.framework */,
				D33C7A661BC74ECB0033B90A /* FBSDKShareKit.framework */,
				D3163CE51B1955DD00556628 /* FBSDKMessengerShareKit.framework */,
				D3163CE31B18D47A00556628 /* ParseFacebookUtilsV4.framework */,
				D3163B271B182DA300556628 /* ParseUI.framework */,
				D3163B1B1B1819D800556628 /* Parse.framework */,
				D3163B031B1818E200556628 /* AudioToolbox.framework */,
				D3163B041B1818E200556628 /* CFNetwork.framework */,
				D3163B051B1818E200556628 /* CoreGraphics.framework */,
				D3163B061B1818E200556628 /* CoreLocation.framework */,
				D3163B071B1818E200556628 /* libsqlite3.dylib */,
				D3163B081B1818E200556628 /* libz.dylib */,
				D3163B091B1818E200556628 /* MobileCoreServices.framework */,
				D3163B0A1B1818E200556628 /* QuartzCore.framework */,
				D3163B0B1B1818E200556628 /* Security.framework */,
				D3163B0C1B1818E200556628 /* StoreKit.framework */,
				D3163B0D1B1818E200556628 /* SystemConfiguration.framework */,
			);
			name = Frameworks;
			sourceTree = "<group>";
		};
/* End PBXGroup section */

/* Begin PBXNativeTarget section */
		D3163AD61B18179A00556628 /* FFS */ = {
			isa = PBXNativeTarget;
			buildConfigurationList = D3163AFD1B18179A00556628 /* Build configuration list for PBXNativeTarget "FFS" */;
			buildPhases = (
				D3163AD31B18179A00556628 /* Sources */,
				D3163AD41B18179A00556628 /* Frameworks */,
				D3163AD51B18179A00556628 /* Resources */,
			);
			buildRules = (
			);
			dependencies = (
			);
			name = FFS;
			productName = FFS;
			productReference = D3163AD71B18179A00556628 /* FFS.app */;
			productType = "com.apple.product-type.application";
		};
		D3163AF21B18179A00556628 /* FFSTests */ = {
			isa = PBXNativeTarget;
			buildConfigurationList = D3163B001B18179A00556628 /* Build configuration list for PBXNativeTarget "FFSTests" */;
			buildPhases = (
				D3163AEF1B18179A00556628 /* Sources */,
				D3163AF01B18179A00556628 /* Frameworks */,
				D3163AF11B18179A00556628 /* Resources */,
			);
			buildRules = (
			);
			dependencies = (
				D3163AF51B18179A00556628 /* PBXTargetDependency */,
			);
			name = FFSTests;
			productName = FFSTests;
			productReference = D3163AF31B18179A00556628 /* FFSTests.xctest */;
			productType = "com.apple.product-type.bundle.unit-test";
		};
/* End PBXNativeTarget section */

/* Begin PBXProject section */
		D3163ACF1B18179A00556628 /* Project object */ = {
			isa = PBXProject;
			attributes = {
				LastUpgradeCheck = 0630;
				ORGANIZATIONNAME = "Vinh Ha";
				TargetAttributes = {
					D3163AD61B18179A00556628 = {
						CreatedOnToolsVersion = 6.3.1;
						DevelopmentTeam = 89N54C8LR3;
					};
					D3163AF21B18179A00556628 = {
						CreatedOnToolsVersion = 6.3.1;
						TestTargetID = D3163AD61B18179A00556628;
					};
				};
			};
			buildConfigurationList = D3163AD21B18179A00556628 /* Build configuration list for PBXProject "FFS" */;
			compatibilityVersion = "Xcode 3.2";
			developmentRegion = English;
			hasScannedForEncodings = 0;
			knownRegions = (
				en,
				Base,
			);
			mainGroup = D3163ACE1B18179A00556628;
			productRefGroup = D3163AD81B18179A00556628 /* Products */;
			projectDirPath = "";
			projectRoot = "";
			targets = (
				D3163AD61B18179A00556628 /* FFS */,
				D3163AF21B18179A00556628 /* FFSTests */,
			);
		};
/* End PBXProject section */

/* Begin PBXResourcesBuildPhase section */
		D3163AD51B18179A00556628 /* Resources */ = {
			isa = PBXResourcesBuildPhase;
			buildActionMask = 2147483647;
			files = (
				D3163AE91B18179A00556628 /* Main.storyboard in Resources */,
				D3163AEB1B18179A00556628 /* Images.xcassets in Resources */,
			);
			runOnlyForDeploymentPostprocessing = 0;
		};
		D3163AF11B18179A00556628 /* Resources */ = {
			isa = PBXResourcesBuildPhase;
			buildActionMask = 2147483647;
			files = (
			);
			runOnlyForDeploymentPostprocessing = 0;
		};
/* End PBXResourcesBuildPhase section */

/* Begin PBXSourcesBuildPhase section */
		D3163AD31B18179A00556628 /* Sources */ = {
			isa = PBXSourcesBuildPhase;
			buildActionMask = 2147483647;
			files = (
				D3163AE61B18179A00556628 /* SecondViewController.m in Sources */,
				D3163AE01B18179A00556628 /* AppDelegate.m in Sources */,
				D3163ADD1B18179A00556628 /* main.m in Sources */,
				D373EAA91BE73AD00000B7EC /* postTextView.m in Sources */,
				D3FD08671BD3630100930780 /* FeedViewController.m in Sources */,
				D3163B2E1B183B4100556628 /* CreateProfileViewController.m in Sources */,
				D3163B261B18289A00556628 /* HomeViewController.m in Sources */,
				D3FD086B1BD45E6300930780 /* PostCell.m in Sources */,
			);
			runOnlyForDeploymentPostprocessing = 0;
		};
		D3163AEF1B18179A00556628 /* Sources */ = {
			isa = PBXSourcesBuildPhase;
			buildActionMask = 2147483647;
			files = (
				D3163AFA1B18179A00556628 /* FFSTests.m in Sources */,
			);
			runOnlyForDeploymentPostprocessing = 0;
		};
/* End PBXSourcesBuildPhase section */

/* Begin PBXTargetDependency section */
		D3163AF51B18179A00556628 /* PBXTargetDependency */ = {
			isa = PBXTargetDependency;
			target = D3163AD61B18179A00556628 /* FFS */;
			targetProxy = D3163AF41B18179A00556628 /* PBXContainerItemProxy */;
		};
/* End PBXTargetDependency section */

/* Begin PBXVariantGroup section */
		D3163AE71B18179A00556628 /* Main.storyboard */ = {
			isa = PBXVariantGroup;
			children = (
				D3163AE81B18179A00556628 /* Base */,
			);
			name = Main.storyboard;
			sourceTree = "<group>";
		};
/* End PBXVariantGroup section */

/* Begin XCBuildConfiguration section */
		D3163AFB1B18179A00556628 /* Debug */ = {
			isa = XCBuildConfiguration;
			buildSettings = {
				ALWAYS_SEARCH_USER_PATHS = NO;
				CLANG_CXX_LANGUAGE_STANDARD = "gnu++0x";
				CLANG_CXX_LIBRARY = "libc++";
				CLANG_ENABLE_MODULES = YES;
				CLANG_ENABLE_OBJC_ARC = YES;
				CLANG_WARN_BOOL_CONVERSION = YES;
				CLANG_WARN_CONSTANT_CONVERSION = YES;
				CLANG_WARN_DIRECT_OBJC_ISA_USAGE = YES_ERROR;
				CLANG_WARN_EMPTY_BODY = YES;
				CLANG_WARN_ENUM_CONVERSION = YES;
				CLANG_WARN_INT_CONVERSION = YES;
				CLANG_WARN_OBJC_ROOT_CLASS = YES_ERROR;
				CLANG_WARN_UNREACHABLE_CODE = YES;
				CLANG_WARN__DUPLICATE_METHOD_MATCH = YES;
				"CODE_SIGN_IDENTITY[sdk=iphoneos*]" = "iPhone Developer";
				COPY_PHASE_STRIP = NO;
				DEBUG_INFORMATION_FORMAT = "dwarf-with-dsym";
				ENABLE_STRICT_OBJC_MSGSEND = YES;
				GCC_C_LANGUAGE_STANDARD = gnu99;
				GCC_DYNAMIC_NO_PIC = NO;
				GCC_NO_COMMON_BLOCKS = YES;
				GCC_OPTIMIZATION_LEVEL = 0;
				GCC_PREPROCESSOR_DEFINITIONS = (
					"DEBUG=1",
					"$(inherited)",
				);
				GCC_SYMBOLS_PRIVATE_EXTERN = NO;
				GCC_WARN_64_TO_32_BIT_CONVERSION = YES;
				GCC_WARN_ABOUT_RETURN_TYPE = YES_ERROR;
				GCC_WARN_UNDECLARED_SELECTOR = YES;
				GCC_WARN_UNINITIALIZED_AUTOS = YES_AGGRESSIVE;
				GCC_WARN_UNUSED_FUNCTION = YES;
				GCC_WARN_UNUSED_VARIABLE = YES;
				IPHONEOS_DEPLOYMENT_TARGET = 7.0;
				MTL_ENABLE_DEBUG_INFO = YES;
				ONLY_ACTIVE_ARCH = YES;
				SDKROOT = iphoneos;
			};
			name = Debug;
		};
		D3163AFC1B18179A00556628 /* Release */ = {
			isa = XCBuildConfiguration;
			buildSettings = {
				ALWAYS_SEARCH_USER_PATHS = NO;
				CLANG_CXX_LANGUAGE_STANDARD = "gnu++0x";
				CLANG_CXX_LIBRARY = "libc++";
				CLANG_ENABLE_MODULES = YES;
				CLANG_ENABLE_OBJC_ARC = YES;
				CLANG_WARN_BOOL_CONVERSION = YES;
				CLANG_WARN_CONSTANT_CONVERSION = YES;
				CLANG_WARN_DIRECT_OBJC_ISA_USAGE = YES_ERROR;
				CLANG_WARN_EMPTY_BODY = YES;
				CLANG_WARN_ENUM_CONVERSION = YES;
				CLANG_WARN_INT_CONVERSION = YES;
				CLANG_WARN_OBJC_ROOT_CLASS = YES_ERROR;
				CLANG_WARN_UNREACHABLE_CODE = YES;
				CLANG_WARN__DUPLICATE_METHOD_MATCH = YES;
				"CODE_SIGN_IDENTITY[sdk=iphoneos*]" = "iPhone Developer";
				COPY_PHASE_STRIP = NO;
				DEBUG_INFORMATION_FORMAT = "dwarf-with-dsym";
				ENABLE_NS_ASSERTIONS = NO;
				ENABLE_STRICT_OBJC_MSGSEND = YES;
				GCC_C_LANGUAGE_STANDARD = gnu99;
				GCC_NO_COMMON_BLOCKS = YES;
				GCC_WARN_64_TO_32_BIT_CONVERSION = YES;
				GCC_WARN_ABOUT_RETURN_TYPE = YES_ERROR;
				GCC_WARN_UNDECLARED_SELECTOR = YES;
				GCC_WARN_UNINITIALIZED_AUTOS = YES_AGGRESSIVE;
				GCC_WARN_UNUSED_FUNCTION = YES;
				GCC_WARN_UNUSED_VARIABLE = YES;
				IPHONEOS_DEPLOYMENT_TARGET = 7.0;
				MTL_ENABLE_DEBUG_INFO = NO;
				SDKROOT = iphoneos;
				VALIDATE_PRODUCT = YES;
			};
			name = Release;
		};
		D3163AFE1B18179A00556628 /* Debug */ = {
			isa = XCBuildConfiguration;
			buildSettings = {
				ASSETCATALOG_COMPILER_APPICON_NAME = AppIcon;
				ASSETCATALOG_COMPILER_LAUNCHIMAGE_NAME = LaunchImage;
				CODE_SIGN_IDENTITY = "iPhone Developer";
				"CODE_SIGN_IDENTITY[sdk=iphoneos*]" = "iPhone Developer";
				ENABLE_BITCODE = NO;
				FRAMEWORK_SEARCH_PATHS = (
					"$(inherited)",
					"/Users/vinhha/Downloads/parse-library-1.7.4",
					"$(PROJECT_DIR)/FacebookSDK",
					"$(PROJECT_DIR)/ParseLib",
					"$(PROJECT_DIR)",
				);
				INFOPLIST_FILE = FFS/Info.plist;
				LD_RUNPATH_SEARCH_PATHS = "$(inherited) @executable_path/Frameworks";
				PRODUCT_NAME = FFS;
				PROVISIONING_PROFILE = "";
			};
			name = Debug;
		};
		D3163AFF1B18179A00556628 /* Release */ = {
			isa = XCBuildConfiguration;
			buildSettings = {
				ASSETCATALOG_COMPILER_APPICON_NAME = AppIcon;
				ASSETCATALOG_COMPILER_LAUNCHIMAGE_NAME = LaunchImage;
				CODE_SIGN_IDENTITY = "iPhone Developer";
				"CODE_SIGN_IDENTITY[sdk=iphoneos*]" = "iPhone Developer";
				ENABLE_BITCODE = NO;
				FRAMEWORK_SEARCH_PATHS = (
					"$(inherited)",
					"/Users/vinhha/Downloads/parse-library-1.7.4",
					"$(PROJECT_DIR)/FacebookSDK",
					"$(PROJECT_DIR)/PraseLib",
					"$(PROJECT_DIR)",
				);
				INFOPLIST_FILE = FFS/Info.plist;
				LD_RUNPATH_SEARCH_PATHS = "$(inherited) @executable_path/Frameworks";
				PRODUCT_NAME = FFS;
				PROVISIONING_PROFILE = "";
			};
			name = Release;
		};
		D3163B011B18179A00556628 /* Debug */ = {
			isa = XCBuildConfiguration;
			buildSettings = {
				BUNDLE_LOADER = "$(TEST_HOST)";
				FRAMEWORK_SEARCH_PATHS = (
					"$(SDKROOT)/Developer/Library/Frameworks",
					"$(inherited)",
				);
				GCC_PREPROCESSOR_DEFINITIONS = (
					"DEBUG=1",
					"$(inherited)",
				);
				INFOPLIST_FILE = FFSTests/Info.plist;
				LD_RUNPATH_SEARCH_PATHS = "$(inherited) @executable_path/Frameworks @loader_path/Frameworks";
				PRODUCT_NAME = FFSTests;
				TEST_HOST = "$(BUILT_PRODUCTS_DIR)/FFS.app/FFS";
			};
			name = Debug;
		};
		D3163B021B18179A00556628 /* Release */ = {
			isa = XCBuildConfiguration;
			buildSettings = {
				BUNDLE_LOADER = "$(TEST_HOST)";
				FRAMEWORK_SEARCH_PATHS = (
					"$(SDKROOT)/Developer/Library/Frameworks",
					"$(inherited)",
				);
				INFOPLIST_FILE = FFSTests/Info.plist;
				LD_RUNPATH_SEARCH_PATHS = "$(inherited) @executable_path/Frameworks @loader_path/Frameworks";
				PRODUCT_NAME = FFSTests;
				TEST_HOST = "$(BUILT_PRODUCTS_DIR)/FFS.app/FFS";
			};
			name = Release;
		};
/* End XCBuildConfiguration section */

/* Begin XCConfigurationList section */
		D3163AD21B18179A00556628 /* Build configuration list for PBXProject "FFS" */ = {
			isa = XCConfigurationList;
			buildConfigurations = (
				D3163AFB1B18179A00556628 /* Debug */,
				D3163AFC1B18179A00556628 /* Release */,
			);
			defaultConfigurationIsVisible = 0;
			defaultConfigurationName = Release;
		};
		D3163AFD1B18179A00556628 /* Build configuration list for PBXNativeTarget "FFS" */ = {
			isa = XCConfigurationList;
			buildConfigurations = (
				D3163AFE1B18179A00556628 /* Debug */,
				D3163AFF1B18179A00556628 /* Release */,
			);
			defaultConfigurationIsVisible = 0;
			defaultConfigurationName = Release;
		};
		D3163B001B18179A00556628 /* Build configuration list for PBXNativeTarget "FFSTests" */ = {
			isa = XCConfigurationList;
			buildConfigurations = (
				D3163B011B18179A00556628 /* Debug */,
				D3163B021B18179A00556628 /* Release */,
			);
			defaultConfigurationIsVisible = 0;
			defaultConfigurationName = Release;
		};
/* End XCConfigurationList section */
	};
	rootObject = D3163ACF1B18179A00556628 /* Project object */;
}
